
Microsoft Visual Studio Solution File, Format Version 12.00
# Visual Studio Version 16
VisualStudioVersion = 16.0.31729.503
MinimumVisualStudioVersion = 10.0.40219.1
Project("{FAE04EC0-301F-11D3-BF4B-00C04F79EFBC}") = "API", "API\API.csproj", "{30CEC818-3016-4685-874F-84698ADFA17A}"
EndProject
Global
	GlobalSection(SolutionConfigurationPlatforms) = preSolution
		Debug|Any CPU = Debug|Any CPU
		Release|Any CPU = Release|Any CPU
	EndGlobalSection
	GlobalSection(ProjectConfigurationPlatforms) = postSolution
		{30CEC818-3016-4685-874F-84698ADFA17A}.Debug|Any CPU.ActiveCfg = Debug|Any CPU
		{30CEC818-3016-4685-874F-84698ADFA17A}.Debug|Any CPU.Build.0 = Debug|Any CPU
		{30CEC818-3016-4685-874F-84698ADFA17A}.Release|Any CPU.ActiveCfg = Release|Any CPU
		{30CEC818-3016-4685-874F-84698ADFA17A}.Release|Any CPU.Build.0 = Release|Any CPU
	EndGlobalSection
	GlobalSection(SolutionProperties) = preSolution
		HideSolutionNode = FALSE
	EndGlobalSection
	GlobalSection(ExtensibilityGlobals) = postSolution
		SolutionGuid = {AF049408-6883-4D86-A69E-5A20CC5A678E}
	EndGlobalSection
EndGlobal
